
Microsoft Visual Studio Solution File, Format Version 12.00
# Visual Studio Version 17
VisualStudioVersion = 17.1.32228.430
MinimumVisualStudioVersion = 10.0.40219.1
Project("{FAE04EC0-301F-11D3-BF4B-00C04F79EFBC}") = "Curso", "Curso\Curso.csproj", "{FC350695-53A3-45B5-9777-142CB87A0740}"
EndProject
Global
	GlobalSection(SolutionConfigurationPlatforms) = preSolution
		Debug|Any CPU = Debug|Any CPU
		Release|Any CPU = Release|Any CPU
	EndGlobalSection
	GlobalSection(ProjectConfigurationPlatforms) = postSolution
		{FC350695-53A3-45B5-9777-142CB87A0740}.Debug|Any CPU.ActiveCfg = Debug|Any CPU
		{FC350695-53A3-45B5-9777-142CB87A0740}.Debug|Any CPU.Build.0 = Debug|Any CPU
		{FC350695-53A3-45B5-9777-142CB87A0740}.Release|Any CPU.ActiveCfg = Release|Any CPU
		{FC350695-53A3-45B5-9777-142CB87A0740}.Release|Any CPU.Build.0 = Release|Any CPU
	EndGlobalSection
	GlobalSection(SolutionProperties) = preSolution
		HideSolutionNode = FALSE
	EndGlobalSection
	GlobalSection(ExtensibilityGlobals) = postSolution
		SolutionGuid = {EA2CBFBF-DA5F-4BF4-B08D-43CE11BBE26F}
	EndGlobalSection
EndGlobal
